
Microsoft Visual Studio Solution File, Format Version 12.00
# Visual Studio 2015
Project("{FAE04EC0-301F-11D3-BF4B-00C04F79EFBC}") = "Angelhack.Plugins", "Angelhack.Plugins.csproj", "{BF501733-89BF-E7F8-EB30-DE0DF4B154A7}"
EndProject
Project("{FAE04EC0-301F-11D3-BF4B-00C04F79EFBC}") = "Angelhack", "Angelhack.csproj", "{E41C413F-E37B-13C7-98DA-BC55E046D304}"
EndProject
Project("{FAE04EC0-301F-11D3-BF4B-00C04F79EFBC}") = "Angelhack.Editor", "Angelhack.Editor.csproj", "{F06AA00C-9978-9B5C-7AB7-CC915B6C8648}"
EndProject
Global
	GlobalSection(SolutionConfigurationPlatforms) = preSolution
		Debug|Any CPU = Debug|Any CPU
		Release|Any CPU = Release|Any CPU
	EndGlobalSection
	GlobalSection(ProjectConfigurationPlatforms) = postSolution
		{BF501733-89BF-E7F8-EB30-DE0DF4B154A7}.Debug|Any CPU.ActiveCfg = Debug|Any CPU
		{BF501733-89BF-E7F8-EB30-DE0DF4B154A7}.Debug|Any CPU.Build.0 = Debug|Any CPU
		{BF501733-89BF-E7F8-EB30-DE0DF4B154A7}.Release|Any CPU.ActiveCfg = Release|Any CPU
		{BF501733-89BF-E7F8-EB30-DE0DF4B154A7}.Release|Any CPU.Build.0 = Release|Any CPU
		{E41C413F-E37B-13C7-98DA-BC55E046D304}.Debug|Any CPU.ActiveCfg = Debug|Any CPU
		{E41C413F-E37B-13C7-98DA-BC55E046D304}.Debug|Any CPU.Build.0 = Debug|Any CPU
		{E41C413F-E37B-13C7-98DA-BC55E046D304}.Release|Any CPU.ActiveCfg = Release|Any CPU
		{E41C413F-E37B-13C7-98DA-BC55E046D304}.Release|Any CPU.Build.0 = Release|Any CPU
		{F06AA00C-9978-9B5C-7AB7-CC915B6C8648}.Debug|Any CPU.ActiveCfg = Debug|Any CPU
		{F06AA00C-9978-9B5C-7AB7-CC915B6C8648}.Debug|Any CPU.Build.0 = Debug|Any CPU
		{F06AA00C-9978-9B5C-7AB7-CC915B6C8648}.Release|Any CPU.ActiveCfg = Release|Any CPU
		{F06AA00C-9978-9B5C-7AB7-CC915B6C8648}.Release|Any CPU.Build.0 = Release|Any CPU
	EndGlobalSection
	GlobalSection(SolutionProperties) = preSolution
		HideSolutionNode = FALSE
	EndGlobalSection
EndGlobal
